PODS:
  - dolbyio_comms_sdk_flutter (0.0.1):
    - Flutter
    - VoxeetSDK (~> 3.6.0)
  - Flutter (1.0.0)
  - permission_handler_apple (9.0.4):
    - Flutter
  - VoxeetSDK (3.6.0)

DEPENDENCIES:
  - dolbyio_comms_sdk_flutter (from `.symlinks/plugins/dolbyio_comms_sdk_flutter/ios`)
  - Flutter (from `Flutter`)
  - permission_handler_apple (from `.symlinks/plugins/permission_handler_apple/ios`)

SPEC REPOS:
  trunk:
    - VoxeetSDK

EXTERNAL SOURCES:
  dolbyio_comms_sdk_flutter:
    :path: ".symlinks/plugins/dolbyio_comms_sdk_flutter/ios"
  Flutter:
    :path: Flutter
  permission_handler_apple:
    :path: ".symlinks/plugins/permission_handler_apple/ios"

SPEC CHECKSUMS:
  dolbyio_comms_sdk_flutter: 83d7715ed5d7100fdc0548741946013e637bd679
  Flutter: 50d75fe2f02b26cc09d224853bb45737f8b3214a
  permission_handler_apple: 44366e37eaf29454a1e7b1b7d736c2cceaeb17ce
  VoxeetSDK: 1d4e4ad0b2c67b1b49607834d212283e126f7c32

PODFILE CHECKSUM: 11b5fde585d18cfd838a532d6264c5ee51921be8

COCOAPODS: 1.11.3
